
Microsoft Visual Studio Solution File, Format Version 12.00
# Visual Studio Version 17
VisualStudioVersion = 17.1.32210.238
MinimumVisualStudioVersion = 10.0.40219.1
Project("{FAE04EC0-301F-11D3-BF4B-00C04F79EFBC}") = "RabbitMQ.ConsolePublisher", "RabbitMQ.ConsolePublisher\RabbitMQ.ConsolePublisher.csproj", "{AD103573-E1D3-4722-947F-0FF66CDEA05C}"
EndProject
Global
	GlobalSection(SolutionConfigurationPlatforms) = preSolution
		Debug|Any CPU = Debug|Any CPU
		Release|Any CPU = Release|Any CPU
	EndGlobalSection
	GlobalSection(ProjectConfigurationPlatforms) = postSolution
		{AD103573-E1D3-4722-947F-0FF66CDEA05C}.Debug|Any CPU.ActiveCfg = Debug|Any CPU
		{AD103573-E1D3-4722-947F-0FF66CDEA05C}.Debug|Any CPU.Build.0 = Debug|Any CPU
		{AD103573-E1D3-4722-947F-0FF66CDEA05C}.Release|Any CPU.ActiveCfg = Release|Any CPU
		{AD103573-E1D3-4722-947F-0FF66CDEA05C}.Release|Any CPU.Build.0 = Release|Any CPU
	EndGlobalSection
	GlobalSection(SolutionProperties) = preSolution
		HideSolutionNode = FALSE
	EndGlobalSection
	GlobalSection(ExtensibilityGlobals) = postSolution
		SolutionGuid = {F198BAB1-487D-4FB7-8C50-5F53E2910CBE}
	EndGlobalSection
EndGlobal
